
Microsoft Visual Studio Solution File, Format Version 12.00
# Visual Studio 2013
VisualStudioVersion = 12.0.30723.0
MinimumVisualStudioVersion = 10.0.40219.1
Project("{FAE04EC0-301F-11D3-BF4B-00C04F79EFBC}") = "GildedRose", "GildedRose\GildedRose.csproj", "{B045FE19-49FD-439C-8BBB-85E93C5F5506}"
EndProject
Project("{FAE04EC0-301F-11D3-BF4B-00C04F79EFBC}") = "GildedRose.Test", "GildedRose.Test\GildedRose.Test.csproj", "{8D7057E2-42C6-48ED-A9A7-45946A7FED55}"
EndProject
Project("{FAE04EC0-301F-11D3-BF4B-00C04F79EFBC}") = "ItemService", "ItemService\ItemService.csproj", "{5057E5EA-9514-436B-B410-A2AFB88BF8B0}"
EndProject
Project("{FAE04EC0-301F-11D3-BF4B-00C04F79EFBC}") = "Models", "Models\Models.csproj", "{4D196B1F-9545-48D5-81C3-CDFAAB0FC7AA}"
EndProject
Global
	GlobalSection(SolutionConfigurationPlatforms) = preSolution
		Debug|Any CPU = Debug|Any CPU
		Release|Any CPU = Release|Any CPU
	EndGlobalSection
	GlobalSection(ProjectConfigurationPlatforms) = postSolution
		{B045FE19-49FD-439C-8BBB-85E93C5F5506}.Debug|Any CPU.ActiveCfg = Debug|Any CPU
		{B045FE19-49FD-439C-8BBB-85E93C5F5506}.Debug|Any CPU.Build.0 = Debug|Any CPU
		{B045FE19-49FD-439C-8BBB-85E93C5F5506}.Release|Any CPU.ActiveCfg = Release|Any CPU
		{B045FE19-49FD-439C-8BBB-85E93C5F5506}.Release|Any CPU.Build.0 = Release|Any CPU
		{8D7057E2-42C6-48ED-A9A7-45946A7FED55}.Debug|Any CPU.ActiveCfg = Debug|Any CPU
		{8D7057E2-42C6-48ED-A9A7-45946A7FED55}.Debug|Any CPU.Build.0 = Debug|Any CPU
		{8D7057E2-42C6-48ED-A9A7-45946A7FED55}.Release|Any CPU.ActiveCfg = Release|Any CPU
		{8D7057E2-42C6-48ED-A9A7-45946A7FED55}.Release|Any CPU.Build.0 = Release|Any CPU
		{5057E5EA-9514-436B-B410-A2AFB88BF8B0}.Debug|Any CPU.ActiveCfg = Debug|Any CPU
		{5057E5EA-9514-436B-B410-A2AFB88BF8B0}.Debug|Any CPU.Build.0 = Debug|Any CPU
		{5057E5EA-9514-436B-B410-A2AFB88BF8B0}.Release|Any CPU.ActiveCfg = Release|Any CPU
		{5057E5EA-9514-436B-B410-A2AFB88BF8B0}.Release|Any CPU.Build.0 = Release|Any CPU
		{4D196B1F-9545-48D5-81C3-CDFAAB0FC7AA}.Debug|Any CPU.ActiveCfg = Debug|Any CPU
		{4D196B1F-9545-48D5-81C3-CDFAAB0FC7AA}.Debug|Any CPU.Build.0 = Debug|Any CPU
		{4D196B1F-9545-48D5-81C3-CDFAAB0FC7AA}.Release|Any CPU.ActiveCfg = Release|Any CPU
		{4D196B1F-9545-48D5-81C3-CDFAAB0FC7AA}.Release|Any CPU.Build.0 = Release|Any CPU
	EndGlobalSection
	GlobalSection(SolutionProperties) = preSolution
		HideSolutionNode = FALSE
	EndGlobalSection
EndGlobal
